
Microsoft Visual Studio Solution File, Format Version 12.00
Project("{F2A71F9B-5D33-465A-A702-920D77279786}") = "Drone.Api", "src\Drone.Api\Drone.Api.fsproj", "{FCF51B25-DA5A-4DFE-B51D-D8DF46B082AA}"
EndProject
Global
	GlobalSection(SolutionConfigurationPlatforms) = preSolution
		Debug|Any CPU = Debug|Any CPU
		Release|Any CPU = Release|Any CPU
	EndGlobalSection
	GlobalSection(ProjectConfigurationPlatforms) = postSolution
		{FCF51B25-DA5A-4DFE-B51D-D8DF46B082AA}.Debug|Any CPU.ActiveCfg = Debug|Any CPU
		{FCF51B25-DA5A-4DFE-B51D-D8DF46B082AA}.Debug|Any CPU.Build.0 = Debug|Any CPU
		{FCF51B25-DA5A-4DFE-B51D-D8DF46B082AA}.Release|Any CPU.ActiveCfg = Release|Any CPU
		{FCF51B25-DA5A-4DFE-B51D-D8DF46B082AA}.Release|Any CPU.Build.0 = Release|Any CPU
	EndGlobalSection
EndGlobal
